<?xml version="1.0" encoding="utf-8"?>
<Project ToolsVersion="4.0" xmlns="http://schemas.microsoft.com/developer/msbuild/2003">
  <ItemGroup>
    <ClInclude Include="include\XYZ.h" />
    <ClInclude Include="include\Polynomials.h" />
    <ClInclude Include="include\BezierCurve.h" />
    <ClInclude Include="include\UV.h" />
    <ClInclude Include="include\Constants.h" />
    <ClInclude Include="include\BezierSurface.h" />
    <ClInclude Include="include\MathUtils.h" />
    <ClInclude Include="include\BsplineCurve.h" />
    <ClInclude Include="include\BsplineSurface.h" />
    <ClInclude Include="include\LNLibDefinitions.h" />
    <ClInclude Include="include\ValidationUtils.h" />
    <ClInclude Include="include\NurbsCurve.h" />
    <ClInclude Include="include\XYZW.h" />
    <ClInclude Include="include\NurbsSurface.h" />
  </ItemGroup>
  <ItemGroup>
    <ClCompile Include="Mathematics\Math\XYZ.cpp" />
    <ClCompile Include="Algorithm\Polynomials.cpp" />
    <ClCompile Include="Geometry\GeometryBase\Curve\BezierCurve.cpp" />
    <ClCompile Include="Mathematics\Math\UV.cpp" />
    <ClCompile Include="Mathematics\Math\Constants.cpp" />
    <ClCompile Include="Geometry\GeometryBase\Surface\BezierSurface.cpp" />
    <ClCompile Include="Mathematics\Utils\MathUtils.cpp" />
    <ClCompile Include="Geometry\GeometryBase\Curve\BsplineCurve.cpp" />
    <ClCompile Include="Geometry\GeometryBase\Surface\BsplineSurface.cpp" />
    <ClCompile Include="LNLibDefinitions.cpp" />
    <ClCompile Include="Mathematics\Utils\ValidationUtils.cpp" />
    <ClCompile Include="Geometry\GeometryBase\Curve\NurbsCurve.cpp" />
    <ClCompile Include="Mathematics\Math\XYZW.cpp" />
    <ClCompile Include="Geometry\GeometryBase\Surface\NurbsSurface.cpp" />
  </ItemGroup>
</Project>